
Microsoft Visual Studio Solution File, Format Version 12.00
# Visual Studio 15
VisualStudioVersion = 15.0.26730.16
MinimumVisualStudioVersion = 10.0.40219.1
Project("{FAE04EC0-301F-11D3-BF4B-00C04F79EFBC}") = "Chat", "Chat\Chat.csproj", "{D8F0A1D6-8DE3-402F-BEF4-AB8F8E2E3F68}"
EndProject
Project("{FAE04EC0-301F-11D3-BF4B-00C04F79EFBC}") = "Chat.Domain", "Chat.Domain\Chat.Domain.csproj", "{CE1C5199-3B46-432D-8689-EBAF378CE528}"
EndProject
Project("{FAE04EC0-301F-11D3-BF4B-00C04F79EFBC}") = "Chat.Persistance", "Chat.Persistance\Chat.Persistance.csproj", "{77EFBDC2-7B0F-419F-AB39-DCA20F3A8833}"
EndProject
Project("{FAE04EC0-301F-11D3-BF4B-00C04F79EFBC}") = "Chat.DependencyInjection", "Chat.DependencyInjection\Chat.DependencyInjection.csproj", "{F22F5CA7-FAB6-4BCB-BA46-3EDCCD6E4F3A}"
EndProject
Project("{FAE04EC0-301F-11D3-BF4B-00C04F79EFBC}") = "Chat.UnitTests", "Chat.UnitTests\Chat.UnitTests.csproj", "{ADCDA621-DF95-49AD-BD63-3E4621BF0AFB}"
EndProject
Global
	GlobalSection(SolutionConfigurationPlatforms) = preSolution
		Debug|Any CPU = Debug|Any CPU
		Release|Any CPU = Release|Any CPU
	EndGlobalSection
	GlobalSection(ProjectConfigurationPlatforms) = postSolution
		{D8F0A1D6-8DE3-402F-BEF4-AB8F8E2E3F68}.Debug|Any CPU.ActiveCfg = Debug|Any CPU
		{D8F0A1D6-8DE3-402F-BEF4-AB8F8E2E3F68}.Debug|Any CPU.Build.0 = Debug|Any CPU
		{D8F0A1D6-8DE3-402F-BEF4-AB8F8E2E3F68}.Release|Any CPU.ActiveCfg = Release|Any CPU
		{D8F0A1D6-8DE3-402F-BEF4-AB8F8E2E3F68}.Release|Any CPU.Build.0 = Release|Any CPU
		{CE1C5199-3B46-432D-8689-EBAF378CE528}.Debug|Any CPU.ActiveCfg = Debug|Any CPU
		{CE1C5199-3B46-432D-8689-EBAF378CE528}.Debug|Any CPU.Build.0 = Debug|Any CPU
		{CE1C5199-3B46-432D-8689-EBAF378CE528}.Release|Any CPU.ActiveCfg = Release|Any CPU
		{CE1C5199-3B46-432D-8689-EBAF378CE528}.Release|Any CPU.Build.0 = Release|Any CPU
		{77EFBDC2-7B0F-419F-AB39-DCA20F3A8833}.Debug|Any CPU.ActiveCfg = Debug|Any CPU
		{77EFBDC2-7B0F-419F-AB39-DCA20F3A8833}.Debug|Any CPU.Build.0 = Debug|Any CPU
		{77EFBDC2-7B0F-419F-AB39-DCA20F3A8833}.Release|Any CPU.ActiveCfg = Release|Any CPU
		{77EFBDC2-7B0F-419F-AB39-DCA20F3A8833}.Release|Any CPU.Build.0 = Release|Any CPU
		{F22F5CA7-FAB6-4BCB-BA46-3EDCCD6E4F3A}.Debug|Any CPU.ActiveCfg = Debug|Any CPU
		{F22F5CA7-FAB6-4BCB-BA46-3EDCCD6E4F3A}.Debug|Any CPU.Build.0 = Debug|Any CPU
		{F22F5CA7-FAB6-4BCB-BA46-3EDCCD6E4F3A}.Release|Any CPU.ActiveCfg = Release|Any CPU
		{F22F5CA7-FAB6-4BCB-BA46-3EDCCD6E4F3A}.Release|Any CPU.Build.0 = Release|Any CPU
		{ADCDA621-DF95-49AD-BD63-3E4621BF0AFB}.Debug|Any CPU.ActiveCfg = Debug|Any CPU
		{ADCDA621-DF95-49AD-BD63-3E4621BF0AFB}.Debug|Any CPU.Build.0 = Debug|Any CPU
		{ADCDA621-DF95-49AD-BD63-3E4621BF0AFB}.Release|Any CPU.ActiveCfg = Release|Any CPU
		{ADCDA621-DF95-49AD-BD63-3E4621BF0AFB}.Release|Any CPU.Build.0 = Release|Any CPU
	EndGlobalSection
	GlobalSection(SolutionProperties) = preSolution
		HideSolutionNode = FALSE
	EndGlobalSection
	GlobalSection(ExtensibilityGlobals) = postSolution
		SolutionGuid = {A5771BE7-0CD3-4F61-A472-48E7E01CD6F8}
	EndGlobalSection
EndGlobal
